// !$*UTF8*$!
{
	archiveVersion = 1;
	classes = {
	};
	objectVersion = 45;
	objects = {

/* Begin PBXBuildFile section */
		1D3623260D0F684500981E51 /* SubstrateAppDelegate.m in Sources */ = {isa = PBXBuildFile; fileRef = 1D3623250D0F684500981E51 /* SubstrateAppDelegate.m */; };
		1D60589B0D05DD56006BFB54 /* main.m in Sources */ = {isa = PBXBuildFile; fileRef = 29B97316FDCFA39411CA2CEA /* main.m */; };
		1D60589F0D05DD5A006BFB54 /* Foundation.framework in Frameworks */ = {isa = PBXBuildFile; fileRef = 1D30AB110D05D00D00671497 /* Foundation.framework */; };
		1DF5F4E00D08C38300B7A737 /* UIKit.framework in Frameworks */ = {isa = PBXBuildFile; fileRef = 1DF5F4DF0D08C38300B7A737 /* UIKit.framework */; };
		288765FD0DF74451002DB57D /* CoreGraphics.framework in Frameworks */ = {isa = PBXBuildFile; fileRef = 288765FC0DF74451002DB57D /* CoreGraphics.framework */; };
		28AD733F0D9D9553002E5188 /* MainWindow.xib in Resources */ = {isa = PBXBuildFile; fileRef = 28AD733E0D9D9553002E5188 /* MainWindow.xib */; };
		6106C84711B97FEB001BF672 /* 72x72.png in Resources */ = {isa = PBXBuildFile; fileRef = 6106C84611B97FEB001BF672 /* 72x72.png */; };
		6106C85211B98699001BF672 /* NSUserDefaults+ReadWithDefaults.m in Sources */ = {isa = PBXBuildFile; fileRef = 6106C85111B98699001BF672 /* NSUserDefaults+ReadWithDefaults.m */; };
		613445ED11AF0911001530F4 /* SandPainter.m in Sources */ = {isa = PBXBuildFile; fileRef = 613445EC11AF0911001530F4 /* SandPainter.m */; };
		6134466811AF319A001530F4 /* FBPainter.m in Sources */ = {isa = PBXBuildFile; fileRef = 6134466711AF319A001530F4 /* FBPainter.m */; };
		6134481211B035DE001530F4 /* Crack.m in Sources */ = {isa = PBXBuildFile; fileRef = 6134481111B035DE001530F4 /* Crack.m */; };
		6134481911B038ED001530F4 /* Substrate.m in Sources */ = {isa = PBXBuildFile; fileRef = 6134481811B038ED001530F4 /* Substrate.m */; };
		614C4FA011B6F4B5005F14BC /* SubstrateVC.m in Sources */ = {isa = PBXBuildFile; fileRef = 614C4F9E11B6F4B5005F14BC /* SubstrateVC.m */; };
		614C4FA111B6F4B5005F14BC /* SubstrateVC.xib in Resources */ = {isa = PBXBuildFile; fileRef = 614C4F9F11B6F4B5005F14BC /* SubstrateVC.xib */; };
		614D133311ADD6BA00646C4A /* Renderer.m in Sources */ = {isa = PBXBuildFile; fileRef = 614D133211ADD6BA00646C4A /* Renderer.m */; };
		614D138311ADE17100646C4A /* OpenGLES.framework in Frameworks */ = {isa = PBXBuildFile; fileRef = 614D138211ADE17100646C4A /* OpenGLES.framework */; };
		614D138511ADE17100646C4A /* QuartzCore.framework in Frameworks */ = {isa = PBXBuildFile; fileRef = 614D138411ADE17100646C4A /* QuartzCore.framework */; };
		614D139511ADE21E00646C4A /* OpenGLView.m in Sources */ = {isa = PBXBuildFile; fileRef = 614D139411ADE21E00646C4A /* OpenGLView.m */; };
		614D13B811ADE87D00646C4A /* SubstrateRenderer.m in Sources */ = {isa = PBXBuildFile; fileRef = 614D13B711ADE87D00646C4A /* SubstrateRenderer.m */; };
		614D166C11AEC26500646C4A /* texture.png in Resources */ = {isa = PBXBuildFile; fileRef = 614D166B11AEC26500646C4A /* texture.png */; };
		6164CE4D11B9B8DF0071CE35 /* Default-Portrait.png in Resources */ = {isa = PBXBuildFile; fileRef = 6164CE4C11B9B8DF0071CE35 /* Default-Portrait.png */; };
		618AD97711AD9FD600D8AF67 /* FrameBuffer.m in Sources */ = {isa = PBXBuildFile; fileRef = 618AD97611AD9FD600D8AF67 /* FrameBuffer.m */; };
		61A45BBC11B70798007A3446 /* PopoverHelper.m in Sources */ = {isa = PBXBuildFile; fileRef = 61A45BBA11B70798007A3446 /* PopoverHelper.m */; };
		61A45C3611B71469007A3446 /* Settings.bundle in Resources */ = {isa = PBXBuildFile; fileRef = 61A45C3511B71469007A3446 /* Settings.bundle */; };
		61A45CAB11B71F73007A3446 /* IASKAppSettingsViewController.m in Sources */ = {isa = PBXBuildFile; fileRef = 61A45C8E11B71F73007A3446 /* IASKAppSettingsViewController.m */; };
		61A45CAC11B71F73007A3446 /* IASKSpecifierValuesViewController.m in Sources */ = {isa = PBXBuildFile; fileRef = 61A45C9011B71F73007A3446 /* IASKSpecifierValuesViewController.m */; };
		61A45CAD11B71F73007A3446 /* IASKSettingsReader.m in Sources */ = {isa = PBXBuildFile; fileRef = 61A45C9311B71F73007A3446 /* IASKSettingsReader.m */; };
		61A45CAE11B71F73007A3446 /* IASKSpecifier.m in Sources */ = {isa = PBXBuildFile; fileRef = 61A45C9511B71F73007A3446 /* IASKSpecifier.m */; };
		61A45CAF11B71F73007A3446 /* IASKPSSliderSpecifierViewCell.m in Sources */ = {isa = PBXBuildFile; fileRef = 61A45C9811B71F73007A3446 /* IASKPSSliderSpecifierViewCell.m */; };
		61A45CB011B71F73007A3446 /* IASKPSTextFieldSpecifierViewCell.m in Sources */ = {isa = PBXBuildFile; fileRef = 61A45C9A11B71F73007A3446 /* IASKPSTextFieldSpecifierViewCell.m */; };
		61A45CB111B71F73007A3446 /* IASKPSToggleSwitchSpecifierViewCell.m in Sources */ = {isa = PBXBuildFile; fileRef = 61A45C9C11B71F73007A3446 /* IASKPSToggleSwitchSpecifierViewCell.m */; };
		61A45CB211B71F73007A3446 /* IASKPSTitleValueSpecifierViewCell.m in Sources */ = {isa = PBXBuildFile; fileRef = 61A45C9E11B71F73007A3446 /* IASKPSTitleValueSpecifierViewCell.m */; };
		61A45CB311B71F73007A3446 /* IASKSlider.m in Sources */ = {isa = PBXBuildFile; fileRef = 61A45CA011B71F73007A3446 /* IASKSlider.m */; };
		61A45CB411B71F73007A3446 /* IASKSwitch.m in Sources */ = {isa = PBXBuildFile; fileRef = 61A45CA211B71F73007A3446 /* IASKSwitch.m */; };
		61A45CB511B71F73007A3446 /* IASKTextField.m in Sources */ = {isa = PBXBuildFile; fileRef = 61A45CA411B71F73007A3446 /* IASKTextField.m */; };
		61A45CB611B71F73007A3446 /* IASKAppSettingsView.xib in Resources */ = {isa = PBXBuildFile; fileRef = 61A45CA611B71F73007A3446 /* IASKAppSettingsView.xib */; };
		61A45CB711B71F73007A3446 /* IASKPSSliderSpecifierViewCell.xib in Resources */ = {isa = PBXBuildFile; fileRef = 61A45CA711B71F73007A3446 /* IASKPSSliderSpecifierViewCell.xib */; };
		61A45CB811B71F73007A3446 /* IASKPSTextFieldSpecifierViewCell.xib in Resources */ = {isa = PBXBuildFile; fileRef = 61A45CA811B71F73007A3446 /* IASKPSTextFieldSpecifierViewCell.xib */; };
		61A45CB911B71F73007A3446 /* IASKPSToggleSwitchSpecifierViewCell.xib in Resources */ = {isa = PBXBuildFile; fileRef = 61A45CA911B71F73007A3446 /* IASKPSToggleSwitchSpecifierViewCell.xib */; };
		61A45CBA11B71F73007A3446 /* IASKSpecifierValuesView.xib in Resources */ = {isa = PBXBuildFile; fileRef = 61A45CAA11B71F73007A3446 /* IASKSpecifierValuesView.xib */; };
		61BD2D4511AD878100EDAEA3 /* Palette.m in Sources */ = {isa = PBXBuildFile; fileRef = 61BD2D4411AD878100EDAEA3 /* Palette.m */; };
		61BD2D6511AD8DE400EDAEA3 /* pollockShimmering.gif in Resources */ = {isa = PBXBuildFile; fileRef = 61BD2D6411AD8DE400EDAEA3 /* pollockShimmering.gif */; };
/* End PBXBuildFile section */

/* Begin PBXFileReference section */
		1D30AB110D05D00D00671497 /* Foundation.framework */ = {isa = PBXFileReference; lastKnownFileType = wrapper.framework; name = Foundation.framework; path = System/Library/Frameworks/Foundation.framework; sourceTree = SDKROOT; };
		1D3623240D0F684500981E51 /* SubstrateAppDelegate.h */ = {isa = PBXFileReference; fileEncoding = 4; lastKnownFileType = sourcecode.c.h; path = SubstrateAppDelegate.h; sourceTree = "<group>"; };
		1D3623250D0F684500981E51 /* SubstrateAppDelegate.m */ = {isa = PBXFileReference; fileEncoding = 4; lastKnownFileType = sourcecode.c.objc; path = SubstrateAppDelegate.m; sourceTree = "<group>"; };
		1D6058910D05DD3D006BFB54 /* Substrate.app */ = {isa = PBXFileReference; explicitFileType = wrapper.application; includeInIndex = 0; path = Substrate.app; sourceTree = BUILT_PRODUCTS_DIR; };
		1DF5F4DF0D08C38300B7A737 /* UIKit.framework */ = {isa = PBXFileReference; lastKnownFileType = wrapper.framework; name = UIKit.framework; path = System/Library/Frameworks/UIKit.framework; sourceTree = SDKROOT; };
		288765FC0DF74451002DB57D /* CoreGraphics.framework */ = {isa = PBXFileReference; lastKnownFileType = wrapper.framework; name = CoreGraphics.framework; path = System/Library/Frameworks/CoreGraphics.framework; sourceTree = SDKROOT; };
		28AD733E0D9D9553002E5188 /* MainWindow.xib */ = {isa = PBXFileReference; lastKnownFileType = file.xib; path = MainWindow.xib; sourceTree = "<group>"; };
		29B97316FDCFA39411CA2CEA /* main.m */ = {isa = PBXFileReference; fileEncoding = 4; lastKnownFileType = sourcecode.c.objc; path = main.m; sourceTree = "<group>"; };
		32CA4F630368D1EE00C91783 /* Substrate_Prefix.pch */ = {isa = PBXFileReference; fileEncoding = 4; lastKnownFileType = sourcecode.c.h; path = Substrate_Prefix.pch; sourceTree = "<group>"; };
		6106C84611B97FEB001BF672 /* 72x72.png */ = {isa = PBXFileReference; lastKnownFileType = image.png; path = 72x72.png; sourceTree = "<group>"; };
		6106C85011B98699001BF672 /* NSUserDefaults+ReadWithDefaults.h */ = {isa = PBXFileReference; fileEncoding = 4; lastKnownFileType = sourcecode.c.h; path = "NSUserDefaults+ReadWithDefaults.h"; sourceTree = "<group>"; };
		6106C85111B98699001BF672 /* NSUserDefaults+ReadWithDefaults.m */ = {isa = PBXFileReference; fileEncoding = 4; lastKnownFileType = sourcecode.c.objc; path = "NSUserDefaults+ReadWithDefaults.m"; sourceTree = "<group>"; };
		613445EB11AF0911001530F4 /* SandPainter.h */ = {isa = PBXFileReference; fileEncoding = 4; lastKnownFileType = sourcecode.c.h; path = SandPainter.h; sourceTree = "<group>"; };
		613445EC11AF0911001530F4 /* SandPainter.m */ = {isa = PBXFileReference; fileEncoding = 4; lastKnownFileType = sourcecode.c.objc; path = SandPainter.m; sourceTree = "<group>"; };
		613445F111AF1FC7001530F4 /* FBPixel.h */ = {isa = PBXFileReference; fileEncoding = 4; lastKnownFileType = sourcecode.c.h; path = FBPixel.h; sourceTree = "<group>"; };
		6134466611AF319A001530F4 /* FBPainter.h */ = {isa = PBXFileReference; fileEncoding = 4; lastKnownFileType = sourcecode.c.h; path = FBPainter.h; sourceTree = "<group>"; };
		6134466711AF319A001530F4 /* FBPainter.m */ = {isa = PBXFileReference; fileEncoding = 4; lastKnownFileType = sourcecode.c.objc; path = FBPainter.m; sourceTree = "<group>"; };
		6134481011B035DE001530F4 /* Crack.h */ = {isa = PBXFileReference; fileEncoding = 4; lastKnownFileType = sourcecode.c.h; path = Crack.h; sourceTree = "<group>"; };
		6134481111B035DE001530F4 /* Crack.m */ = {isa = PBXFileReference; fileEncoding = 4; lastKnownFileType = sourcecode.c.objc; path = Crack.m; sourceTree = "<group>"; };
		6134481711B038ED001530F4 /* Substrate.h */ = {isa = PBXFileReference; fileEncoding = 4; lastKnownFileType = sourcecode.c.h; path = Substrate.h; sourceTree = "<group>"; };
		6134481811B038ED001530F4 /* Substrate.m */ = {isa = PBXFileReference; fileEncoding = 4; lastKnownFileType = sourcecode.c.objc; path = Substrate.m; sourceTree = "<group>"; };
		613D758B11BFF3690021E9EA /* SubstrateTests-Info.plist */ = {isa = PBXFileReference; lastKnownFileType = text.plist.xml; path = "SubstrateTests-Info.plist"; sourceTree = "<group>"; };
		614C4F9D11B6F4B5005F14BC /* SubstrateVC.h */ = {isa = PBXFileReference; fileEncoding = 4; lastKnownFileType = sourcecode.c.h; path = SubstrateVC.h; sourceTree = "<group>"; };
		614C4F9E11B6F4B5005F14BC /* SubstrateVC.m */ = {isa = PBXFileReference; fileEncoding = 4; lastKnownFileType = sourcecode.c.objc; path = SubstrateVC.m; sourceTree = "<group>"; };
		614C4F9F11B6F4B5005F14BC /* SubstrateVC.xib */ = {isa = PBXFileReference; lastKnownFileType = file.xib; path = SubstrateVC.xib; sourceTree = "<group>"; };
		614D133111ADD6BA00646C4A /* Renderer.h */ = {isa = PBXFileReference; fileEncoding = 4; lastKnownFileType = sourcecode.c.h; path = Renderer.h; sourceTree = "<group>"; };
		614D133211ADD6BA00646C4A /* Renderer.m */ = {isa = PBXFileReference; fileEncoding = 4; lastKnownFileType = sourcecode.c.objc; path = Renderer.m; sourceTree = "<group>"; };
		614D138211ADE17100646C4A /* OpenGLES.framework */ = {isa = PBXFileReference; lastKnownFileType = wrapper.framework; name = OpenGLES.framework; path = System/Library/Frameworks/OpenGLES.framework; sourceTree = SDKROOT; };
		614D138411ADE17100646C4A /* QuartzCore.framework */ = {isa = PBXFileReference; lastKnownFileType = wrapper.framework; name = QuartzCore.framework; path = System/Library/Frameworks/QuartzCore.framework; sourceTree = SDKROOT; };
		614D139311ADE21E00646C4A /* OpenGLView.h */ = {isa = PBXFileReference; fileEncoding = 4; lastKnownFileType = sourcecode.c.h; path = OpenGLView.h; sourceTree = "<group>"; };
		614D139411ADE21E00646C4A /* OpenGLView.m */ = {isa = PBXFileReference; fileEncoding = 4; lastKnownFileType = sourcecode.c.objc; path = OpenGLView.m; sourceTree = "<group>"; };
		614D13B611ADE87D00646C4A /* SubstrateRenderer.h */ = {isa = PBXFileReference; fileEncoding = 4; lastKnownFileType = sourcecode.c.h; path = SubstrateRenderer.h; sourceTree = "<group>"; };
		614D13B711ADE87D00646C4A /* SubstrateRenderer.m */ = {isa = PBXFileReference; fileEncoding = 4; lastKnownFileType = sourcecode.c.objc; path = SubstrateRenderer.m; sourceTree = "<group>"; };
		614D166B11AEC26500646C4A /* texture.png */ = {isa = PBXFileReference; lastKnownFileType = image.png; path = texture.png; sourceTree = "<group>"; };
		6164CE4C11B9B8DF0071CE35 /* Default-Portrait.png */ = {isa = PBXFileReference; lastKnownFileType = image.png; path = "Default-Portrait.png"; sourceTree = "<group>"; };
		618AD97511AD9FD600D8AF67 /* FrameBuffer.h */ = {isa = PBXFileReference; fileEncoding = 4; lastKnownFileType = sourcecode.c.h; path = FrameBuffer.h; sourceTree = "<group>"; };
		618AD97611AD9FD600D8AF67 /* FrameBuffer.m */ = {isa = PBXFileReference; fileEncoding = 4; lastKnownFileType = sourcecode.c.objc; path = FrameBuffer.m; sourceTree = "<group>"; };
		61A45BBA11B70798007A3446 /* PopoverHelper.m */ = {isa = PBXFileReference; fileEncoding = 4; lastKnownFileType = sourcecode.c.objc; path = PopoverHelper.m; sourceTree = "<group>"; };
		61A45BBB11B70798007A3446 /* PopoverHelper.h */ = {isa = PBXFileReference; fileEncoding = 4; lastKnownFileType = sourcecode.c.h; path = PopoverHelper.h; sourceTree = "<group>"; };
		61A45C3511B71469007A3446 /* Settings.bundle */ = {isa = PBXFileReference; lastKnownFileType = "wrapper.plug-in"; path = Settings.bundle; sourceTree = "<group>"; };
		61A45C8D11B71F73007A3446 /* IASKAppSettingsViewController.h */ = {isa = PBXFileReference; fileEncoding = 4; lastKnownFileType = sourcecode.c.h; path = IASKAppSettingsViewController.h; sourceTree = "<group>"; };
		61A45C8E11B71F73007A3446 /* IASKAppSettingsViewController.m */ = {isa = PBXFileReference; fileEncoding = 4; lastKnownFileType = sourcecode.c.objc; path = IASKAppSettingsViewController.m; sourceTree = "<group>"; };
		61A45C8F11B71F73007A3446 /* IASKSpecifierValuesViewController.h */ = {isa = PBXFileReference; fileEncoding = 4; lastKnownFileType = sourcecode.c.h; path = IASKSpecifierValuesViewController.h; sourceTree = "<group>"; };
		61A45C9011B71F73007A3446 /* IASKSpecifierValuesViewController.m */ = {isa = PBXFileReference; fileEncoding = 4; lastKnownFileType = sourcecode.c.objc; path = IASKSpecifierValuesViewController.m; sourceTree = "<group>"; };
		61A45C9211B71F73007A3446 /* IASKSettingsReader.h */ = {isa = PBXFileReference; fileEncoding = 4; lastKnownFileType = sourcecode.c.h; path = IASKSettingsReader.h; sourceTree = "<group>"; };
		61A45C9311B71F73007A3446 /* IASKSettingsReader.m */ = {isa = PBXFileReference; fileEncoding = 4; lastKnownFileType = sourcecode.c.objc; path = IASKSettingsReader.m; sourceTree = "<group>"; };
		61A45C9411B71F73007A3446 /* IASKSpecifier.h */ = {isa = PBXFileReference; fileEncoding = 4; lastKnownFileType = sourcecode.c.h; path = IASKSpecifier.h; sourceTree = "<group>"; };
		61A45C9511B71F73007A3446 /* IASKSpecifier.m */ = {isa = PBXFileReference; fileEncoding = 4; lastKnownFileType = sourcecode.c.objc; path = IASKSpecifier.m; sourceTree = "<group>"; };
		61A45C9711B71F73007A3446 /* IASKPSSliderSpecifierViewCell.h */ = {isa = PBXFileReference; fileEncoding = 4; lastKnownFileType = sourcecode.c.h; path = IASKPSSliderSpecifierViewCell.h; sourceTree = "<group>"; };
		61A45C9811B71F73007A3446 /* IASKPSSliderSpecifierViewCell.m */ = {isa = PBXFileReference; fileEncoding = 4; lastKnownFileType = sourcecode.c.objc; path = IASKPSSliderSpecifierViewCell.m; sourceTree = "<group>"; };
		61A45C9911B71F73007A3446 /* IASKPSTextFieldSpecifierViewCell.h */ = {isa = PBXFileReference; fileEncoding = 4; lastKnownFileType = sourcecode.c.h; path = IASKPSTextFieldSpecifierViewCell.h; sourceTree = "<group>"; };
		61A45C9A11B71F73007A3446 /* IASKPSTextFieldSpecifierViewCell.m */ = {isa = PBXFileReference; fileEncoding = 4; lastKnownFileType = sourcecode.c.objc; path = IASKPSTextFieldSpecifierViewCell.m; sourceTree = "<group>"; };
		61A45C9B11B71F73007A3446 /* IASKPSToggleSwitchSpecifierViewCell.h */ = {isa = PBXFileReference; fileEncoding = 4; lastKnownFileType = sourcecode.c.h; path = IASKPSToggleSwitchSpecifierViewCell.h; sourceTree = "<group>"; };
		61A45C9C11B71F73007A3446 /* IASKPSToggleSwitchSpecifierViewCell.m */ = {isa = PBXFileReference; fileEncoding = 4; lastKnownFileType = sourcecode.c.objc; path = IASKPSToggleSwitchSpecifierViewCell.m; sourceTree = "<group>"; };
		61A45C9D11B71F73007A3446 /* IASKPSTitleValueSpecifierViewCell.h */ = {isa = PBXFileReference; fileEncoding = 4; lastKnownFileType = sourcecode.c.h; path = IASKPSTitleValueSpecifierViewCell.h; sourceTree = "<group>"; };
		61A45C9E11B71F73007A3446 /* IASKPSTitleValueSpecifierViewCell.m */ = {isa = PBXFileReference; fileEncoding = 4; lastKnownFileType = sourcecode.c.objc; path = IASKPSTitleValueSpecifierViewCell.m; sourceTree = "<group>"; };
		61A45C9F11B71F73007A3446 /* IASKSlider.h */ = {isa = PBXFileReference; fileEncoding = 4; lastKnownFileType = sourcecode.c.h; path = IASKSlider.h; sourceTree = "<group>"; };
		61A45CA011B71F73007A3446 /* IASKSlider.m */ = {isa = PBXFileReference; fileEncoding = 4; lastKnownFileType = sourcecode.c.objc; path = IASKSlider.m; sourceTree = "<group>"; };
		61A45CA111B71F73007A3446 /* IASKSwitch.h */ = {isa = PBXFileReference; fileEncoding = 4; lastKnownFileType = sourcecode.c.h; path = IASKSwitch.h; sourceTree = "<group>"; };
		61A45CA211B71F73007A3446 /* IASKSwitch.m */ = {isa = PBXFileReference; fileEncoding = 4; lastKnownFileType = sourcecode.c.objc; path = IASKSwitch.m; sourceTree = "<group>"; };
		61A45CA311B71F73007A3446 /* IASKTextField.h */ = {isa = PBXFileReference; fileEncoding = 4; lastKnownFileType = sourcecode.c.h; path = IASKTextField.h; sourceTree = "<group>"; };
		61A45CA411B71F73007A3446 /* IASKTextField.m */ = {isa = PBXFileReference; fileEncoding = 4; lastKnownFileType = sourcecode.c.objc; path = IASKTextField.m; sourceTree = "<group>"; };
		61A45CA611B71F73007A3446 /* IASKAppSettingsView.xib */ = {isa = PBXFileReference; lastKnownFileType = file.xib; path = IASKAppSettingsView.xib; sourceTree = "<group>"; };
		61A45CA711B71F73007A3446 /* IASKPSSliderSpecifierViewCell.xib */ = {isa = PBXFileReference; lastKnownFileType = file.xib; path = IASKPSSliderSpecifierViewCell.xib; sourceTree = "<group>"; };
		61A45CA811B71F73007A3446 /* IASKPSTextFieldSpecifierViewCell.xib */ = {isa = PBXFileReference; lastKnownFileType = file.xib; path = IASKPSTextFieldSpecifierViewCell.xib; sourceTree = "<group>"; };
		61A45CA911B71F73007A3446 /* IASKPSToggleSwitchSpecifierViewCell.xib */ = {isa = PBXFileReference; lastKnownFileType = file.xib; path = IASKPSToggleSwitchSpecifierViewCell.xib; sourceTree = "<group>"; };
		61A45CAA11B71F73007A3446 /* IASKSpecifierValuesView.xib */ = {isa = PBXFileReference; lastKnownFileType = file.xib; path = IASKSpecifierValuesView.xib; sourceTree = "<group>"; };
		61B8CA4F11B20274007A1B77 /* Util.h */ = {isa = PBXFileReference; fileEncoding = 4; lastKnownFileType = sourcecode.c.h; path = Util.h; sourceTree = "<group>"; };
		61BD2D4311AD878100EDAEA3 /* Palette.h */ = {isa = PBXFileReference; fileEncoding = 4; lastKnownFileType = sourcecode.c.h; path = Palette.h; sourceTree = "<group>"; };
		61BD2D4411AD878100EDAEA3 /* Palette.m */ = {isa = PBXFileReference; fileEncoding = 4; lastKnownFileType = sourcecode.c.objc; path = Palette.m; sourceTree = "<group>"; };
		61BD2D6411AD8DE400EDAEA3 /* pollockShimmering.gif */ = {isa = PBXFileReference; lastKnownFileType = image.gif; path = pollockShimmering.gif; sourceTree = "<group>"; };
		8D1107310486CEB800E47090 /* Substrate-Info.plist */ = {isa = PBXFileReference; fileEncoding = 4; lastKnownFileType = text.plist.xml; path = "Substrate-Info.plist"; plistStructureDefinitionIdentifier = "com.apple.xcode.plist.structure-definition.iphone.info-plist"; sourceTree = "<group>"; };
/* End PBXFileReference section */

/* Begin PBXFrameworksBuildPhase section */
		1D60588F0D05DD3D006BFB54 /* Frameworks */ = {
			isa = PBXFrameworksBuildPhase;
			buildActionMask = 2147483647;
			files = (
				1D60589F0D05DD5A006BFB54 /* Foundation.framework in Frameworks */,
				1DF5F4E00D08C38300B7A737 /* UIKit.framework in Frameworks */,
				288765FD0DF74451002DB57D /* CoreGraphics.framework in Frameworks */,
				614D138311ADE17100646C4A /* OpenGLES.framework in Frameworks */,
				614D138511ADE17100646C4A /* QuartzCore.framework in Frameworks */,
			);
			runOnlyForDeploymentPostprocessing = 0;
		};
/* End PBXFrameworksBuildPhase section */

/* Begin PBXGroup section */
		080E96DDFE201D6D7F000001 /* Classes */ = {
			isa = PBXGroup;
			children = (
				612EB10911C032F900324FF2 /* NSUserDefaults+ReadWithDefaults */,
				61A45C8B11B71F73007A3446 /* InAppSettingsKit */,
				61A45B9A11B70658007A3446 /* Popover */,
				6134480F11B035B7001530F4 /* Substrate */,
				613445F011AF1EDF001530F4 /* Framebuffer */,
				614D133011ADD6AD00646C4A /* OpenGL */,
				1D3623240D0F684500981E51 /* SubstrateAppDelegate.h */,
				1D3623250D0F684500981E51 /* SubstrateAppDelegate.m */,
			);
			path = Classes;
			sourceTree = "<group>";
		};
		19C28FACFE9D520D11CA2CBB /* Products */ = {
			isa = PBXGroup;
			children = (
				1D6058910D05DD3D006BFB54 /* Substrate.app */,
			);
			name = Products;
			sourceTree = "<group>";
		};
		29B97314FDCFA39411CA2CEA /* CustomTemplate */ = {
			isa = PBXGroup;
			children = (
				080E96DDFE201D6D7F000001 /* Classes */,
				29B97315FDCFA39411CA2CEA /* Other Sources */,
				29B97317FDCFA39411CA2CEA /* Resources */,
				29B97323FDCFA39411CA2CEA /* Frameworks */,
				19C28FACFE9D520D11CA2CBB /* Products */,
				613D758B11BFF3690021E9EA /* SubstrateTests-Info.plist */,
			);
			name = CustomTemplate;
			sourceTree = "<group>";
		};
		29B97315FDCFA39411CA2CEA /* Other Sources */ = {
			isa = PBXGroup;
			children = (
				32CA4F630368D1EE00C91783 /* Substrate_Prefix.pch */,
				29B97316FDCFA39411CA2CEA /* main.m */,
			);
			name = "Other Sources";
			sourceTree = "<group>";
		};
		29B97317FDCFA39411CA2CEA /* Resources */ = {
			isa = PBXGroup;
			children = (
				6164CE4C11B9B8DF0071CE35 /* Default-Portrait.png */,
				6106C84611B97FEB001BF672 /* 72x72.png */,
				614D166B11AEC26500646C4A /* texture.png */,
				61BD2D6411AD8DE400EDAEA3 /* pollockShimmering.gif */,
				28AD733E0D9D9553002E5188 /* MainWindow.xib */,
				8D1107310486CEB800E47090 /* Substrate-Info.plist */,
				61A45C3511B71469007A3446 /* Settings.bundle */,
			);
			name = Resources;
			sourceTree = "<group>";
		};
		29B97323FDCFA39411CA2CEA /* Frameworks */ = {
			isa = PBXGroup;
			children = (
				1DF5F4DF0D08C38300B7A737 /* UIKit.framework */,
				1D30AB110D05D00D00671497 /* Foundation.framework */,
				288765FC0DF74451002DB57D /* CoreGraphics.framework */,
				614D138211ADE17100646C4A /* OpenGLES.framework */,
				614D138411ADE17100646C4A /* QuartzCore.framework */,
			);
			name = Frameworks;
			sourceTree = "<group>";
		};
		612EB10911C032F900324FF2 /* NSUserDefaults+ReadWithDefaults */ = {
			isa = PBXGroup;
			children = (
				6106C85011B98699001BF672 /* NSUserDefaults+ReadWithDefaults.h */,
				6106C85111B98699001BF672 /* NSUserDefaults+ReadWithDefaults.m */,
			);
			name = "NSUserDefaults+ReadWithDefaults";
			sourceTree = "<group>";
		};
		613445F011AF1EDF001530F4 /* Framebuffer */ = {
			isa = PBXGroup;
			children = (
				618AD97511AD9FD600D8AF67 /* FrameBuffer.h */,
				618AD97611AD9FD600D8AF67 /* FrameBuffer.m */,
				613445F111AF1FC7001530F4 /* FBPixel.h */,
				6134466611AF319A001530F4 /* FBPainter.h */,
				6134466711AF319A001530F4 /* FBPainter.m */,
			);
			name = Framebuffer;
			sourceTree = "<group>";
		};
		6134480F11B035B7001530F4 /* Substrate */ = {
			isa = PBXGroup;
			children = (
				614D13B611ADE87D00646C4A /* SubstrateRenderer.h */,
				614D13B711ADE87D00646C4A /* SubstrateRenderer.m */,
				613445EB11AF0911001530F4 /* SandPainter.h */,
				613445EC11AF0911001530F4 /* SandPainter.m */,
				61BD2D4311AD878100EDAEA3 /* Palette.h */,
				61BD2D4411AD878100EDAEA3 /* Palette.m */,
				6134481011B035DE001530F4 /* Crack.h */,
				6134481111B035DE001530F4 /* Crack.m */,
				6134481711B038ED001530F4 /* Substrate.h */,
				6134481811B038ED001530F4 /* Substrate.m */,
				61B8CA4F11B20274007A1B77 /* Util.h */,
				614C4F9D11B6F4B5005F14BC /* SubstrateVC.h */,
				614C4F9E11B6F4B5005F14BC /* SubstrateVC.m */,
				614C4F9F11B6F4B5005F14BC /* SubstrateVC.xib */,
			);
			name = Substrate;
			sourceTree = "<group>";
		};
		614D133011ADD6AD00646C4A /* OpenGL */ = {
			isa = PBXGroup;
			children = (
				614D133111ADD6BA00646C4A /* Renderer.h */,
				614D133211ADD6BA00646C4A /* Renderer.m */,
				614D139311ADE21E00646C4A /* OpenGLView.h */,
				614D139411ADE21E00646C4A /* OpenGLView.m */,
			);
			name = OpenGL;
			sourceTree = "<group>";
		};
		61A45B9A11B70658007A3446 /* Popover */ = {
			isa = PBXGroup;
			children = (
				61A45BBA11B70798007A3446 /* PopoverHelper.m */,
				61A45BBB11B70798007A3446 /* PopoverHelper.h */,
			);
			name = Popover;
			sourceTree = "<group>";
		};
		61A45C8B11B71F73007A3446 /* InAppSettingsKit */ = {
			isa = PBXGroup;
			children = (
				61A45C8C11B71F73007A3446 /* Controllers */,
				61A45C9111B71F73007A3446 /* Models */,
				61A45C9611B71F73007A3446 /* Views */,
				61A45CA511B71F73007A3446 /* Xibs */,
			);
			path = InAppSettingsKit;
			sourceTree = "<group>";
		};
		61A45C8C11B71F73007A3446 /* Controllers */ = {
			isa = PBXGroup;
			children = (
				61A45C8D11B71F73007A3446 /* IASKAppSettingsViewController.h */,
				61A45C8E11B71F73007A3446 /* IASKAppSettingsViewController.m */,
				61A45C8F11B71F73007A3446 /* IASKSpecifierValuesViewController.h */,
				61A45C9011B71F73007A3446 /* IASKSpecifierValuesViewController.m */,
			);
			path = Controllers;
			sourceTree = "<group>";
		};
		61A45C9111B71F73007A3446 /* Models */ = {
			isa = PBXGroup;
			children = (
				61A45C9211B71F73007A3446 /* IASKSettingsReader.h */,
				61A45C9311B71F73007A3446 /* IASKSettingsReader.m */,
				61A45C9411B71F73007A3446 /* IASKSpecifier.h */,
				61A45C9511B71F73007A3446 /* IASKSpecifier.m */,
			);
			path = Models;
			sourceTree = "<group>";
		};
		61A45C9611B71F73007A3446 /* Views */ = {
			isa = PBXGroup;
			children = (
				61A45C9711B71F73007A3446 /* IASKPSSliderSpecifierViewCell.h */,
				61A45C9811B71F73007A3446 /* IASKPSSliderSpecifierViewCell.m */,
				61A45C9911B71F73007A3446 /* IASKPSTextFieldSpecifierViewCell.h */,
				61A45C9A11B71F73007A3446 /* IASKPSTextFieldSpecifierViewCell.m */,
				61A45C9B11B71F73007A3446 /* IASKPSToggleSwitchSpecifierViewCell.h */,
				61A45C9C11B71F73007A3446 /* IASKPSToggleSwitchSpecifierViewCell.m */,
				61A45C9D11B71F73007A3446 /* IASKPSTitleValueSpecifierViewCell.h */,
				61A45C9E11B71F73007A3446 /* IASKPSTitleValueSpecifierViewCell.m */,
				61A45C9F11B71F73007A3446 /* IASKSlider.h */,
				61A45CA011B71F73007A3446 /* IASKSlider.m */,
				61A45CA111B71F73007A3446 /* IASKSwitch.h */,
				61A45CA211B71F73007A3446 /* IASKSwitch.m */,
				61A45CA311B71F73007A3446 /* IASKTextField.h */,
				61A45CA411B71F73007A3446 /* IASKTextField.m */,
			);
			path = Views;
			sourceTree = "<group>";
		};
		61A45CA511B71F73007A3446 /* Xibs */ = {
			isa = PBXGroup;
			children = (
				61A45CA611B71F73007A3446 /* IASKAppSettingsView.xib */,
				61A45CA711B71F73007A3446 /* IASKPSSliderSpecifierViewCell.xib */,
				61A45CA811B71F73007A3446 /* IASKPSTextFieldSpecifierViewCell.xib */,
				61A45CA911B71F73007A3446 /* IASKPSToggleSwitchSpecifierViewCell.xib */,
				61A45CAA11B71F73007A3446 /* IASKSpecifierValuesView.xib */,
			);
			path = Xibs;
			sourceTree = "<group>";
		};
/* End PBXGroup section */

/* Begin PBXNativeTarget section */
		1D6058900D05DD3D006BFB54 /* Substrate */ = {
			isa = PBXNativeTarget;
			buildConfigurationList = 1D6058960D05DD3E006BFB54 /* Build configuration list for PBXNativeTarget "Substrate" */;
			buildPhases = (
				1D60588D0D05DD3D006BFB54 /* Resources */,
				1D60588E0D05DD3D006BFB54 /* Sources */,
				1D60588F0D05DD3D006BFB54 /* Frameworks */,
			);
			buildRules = (
			);
			dependencies = (
			);
			name = Substrate;
			productName = Substrate;
			productReference = 1D6058910D05DD3D006BFB54 /* Substrate.app */;
			productType = "com.apple.product-type.application";
		};
/* End PBXNativeTarget section */

/* Begin PBXProject section */
		29B97313FDCFA39411CA2CEA /* Project object */ = {
			isa = PBXProject;
			buildConfigurationList = C01FCF4E08A954540054247B /* Build configuration list for PBXProject "Substrate" */;
			compatibilityVersion = "Xcode 3.1";
			hasScannedForEncodings = 1;
			mainGroup = 29B97314FDCFA39411CA2CEA /* CustomTemplate */;
			projectDirPath = "";
			projectRoot = "";
			targets = (
				1D6058900D05DD3D006BFB54 /* Substrate */,
			);
		};
/* End PBXProject section */

/* Begin PBXResourcesBuildPhase section */
		1D60588D0D05DD3D006BFB54 /* Resources */ = {
			isa = PBXResourcesBuildPhase;
			buildActionMask = 2147483647;
			files = (
				28AD733F0D9D9553002E5188 /* MainWindow.xib in Resources */,
				61BD2D6511AD8DE400EDAEA3 /* pollockShimmering.gif in Resources */,
				614D166C11AEC26500646C4A /* texture.png in Resources */,
				614C4FA111B6F4B5005F14BC /* SubstrateVC.xib in Resources */,
				61A45C3611B71469007A3446 /* Settings.bundle in Resources */,
				61A45CB611B71F73007A3446 /* IASKAppSettingsView.xib in Resources */,
				61A45CB711B71F73007A3446 /* IASKPSSliderSpecifierViewCell.xib in Resources */,
				61A45CB811B71F73007A3446 /* IASKPSTextFieldSpecifierViewCell.xib in Resources */,
				61A45CB911B71F73007A3446 /* IASKPSToggleSwitchSpecifierViewCell.xib in Resources */,
				61A45CBA11B71F73007A3446 /* IASKSpecifierValuesView.xib in Resources */,
				6106C84711B97FEB001BF672 /* 72x72.png in Resources */,
				6164CE4D11B9B8DF0071CE35 /* Default-Portrait.png in Resources */,
			);
			runOnlyForDeploymentPostprocessing = 0;
		};
/* End PBXResourcesBuildPhase section */

/* Begin PBXSourcesBuildPhase section */
		1D60588E0D05DD3D006BFB54 /* Sources */ = {
			isa = PBXSourcesBuildPhase;
			buildActionMask = 2147483647;
			files = (
				1D60589B0D05DD56006BFB54 /* main.m in Sources */,
				1D3623260D0F684500981E51 /* SubstrateAppDelegate.m in Sources */,
				61BD2D4511AD878100EDAEA3 /* Palette.m in Sources */,
				618AD97711AD9FD600D8AF67 /* FrameBuffer.m in Sources */,
				614D133311ADD6BA00646C4A /* Renderer.m in Sources */,
				614D139511ADE21E00646C4A /* OpenGLView.m in Sources */,
				614D13B811ADE87D00646C4A /* SubstrateRenderer.m in Sources */,
				613445ED11AF0911001530F4 /* SandPainter.m in Sources */,
				6134466811AF319A001530F4 /* FBPainter.m in Sources */,
				6134481211B035DE001530F4 /* Crack.m in Sources */,
				6134481911B038ED001530F4 /* Substrate.m in Sources */,
				614C4FA011B6F4B5005F14BC /* SubstrateVC.m in Sources */,
				61A45BBC11B70798007A3446 /* PopoverHelper.m in Sources */,
				61A45CAB11B71F73007A3446 /* IASKAppSettingsViewController.m in Sources */,
				61A45CAC11B71F73007A3446 /* IASKSpecifierValuesViewController.m in Sources */,
				61A45CAD11B71F73007A3446 /* IASKSettingsReader.m in Sources */,
				61A45CAE11B71F73007A3446 /* IASKSpecifier.m in Sources */,
				61A45CAF11B71F73007A3446 /* IASKPSSliderSpecifierViewCell.m in Sources */,
				61A45CB011B71F73007A3446 /* IASKPSTextFieldSpecifierViewCell.m in Sources */,
				61A45CB111B71F73007A3446 /* IASKPSToggleSwitchSpecifierViewCell.m in Sources */,
				61A45CB211B71F73007A3446 /* IASKPSTitleValueSpecifierViewCell.m in Sources */,
				61A45CB311B71F73007A3446 /* IASKSlider.m in Sources */,
				61A45CB411B71F73007A3446 /* IASKSwitch.m in Sources */,
				61A45CB511B71F73007A3446 /* IASKTextField.m in Sources */,
				6106C85211B98699001BF672 /* NSUserDefaults+ReadWithDefaults.m in Sources */,
			);
			runOnlyForDeploymentPostprocessing = 0;
		};
/* End PBXSourcesBuildPhase section */

/* Begin XCBuildConfiguration section */
		1D6058940D05DD3E006BFB54 /* Debug */ = {
			isa = XCBuildConfiguration;
			buildSettings = {
				ALWAYS_SEARCH_USER_PATHS = NO;
				COPY_PHASE_STRIP = NO;
				GCC_DYNAMIC_NO_PIC = NO;
				GCC_OPTIMIZATION_LEVEL = 0;
				GCC_PRECOMPILE_PREFIX_HEADER = YES;
				GCC_PREFIX_HEADER = Substrate_Prefix.pch;
				INFOPLIST_FILE = "Substrate-Info.plist";
				PRODUCT_NAME = Substrate;
			};
			name = Debug;
		};
		1D6058950D05DD3E006BFB54 /* Release */ = {
			isa = XCBuildConfiguration;
			buildSettings = {
				ALWAYS_SEARCH_USER_PATHS = NO;
				COPY_PHASE_STRIP = YES;
				GCC_PRECOMPILE_PREFIX_HEADER = YES;
				GCC_PREFIX_HEADER = Substrate_Prefix.pch;
				INFOPLIST_FILE = "Substrate-Info.plist";
				PRODUCT_NAME = Substrate;
				VALIDATE_PRODUCT = YES;
			};
			name = Release;
		};
		C01FCF4F08A954540054247B /* Debug */ = {
			isa = XCBuildConfiguration;
			buildSettings = {
				"ARCHS[sdk=iphoneos*]" = armv7;
				"ARCHS[sdk=iphonesimulator*]" = i386;
				"CODE_SIGN_IDENTITY[sdk=iphoneos*]" = "iPhone Developer";
				GCC_C_LANGUAGE_STANDARD = c99;
				GCC_WARN_ABOUT_RETURN_TYPE = YES;
				GCC_WARN_UNUSED_VARIABLE = YES;
				PREBINDING = NO;
				SDKROOT = iphoneos3.2;
				TARGETED_DEVICE_FAMILY = 2;
			};
			name = Debug;
		};
		C01FCF5008A954540054247B /* Release */ = {
			isa = XCBuildConfiguration;
			buildSettings = {
				"ARCHS[sdk=iphoneos*]" = armv7;
				"ARCHS[sdk=iphonesimulator*]" = i386;
				"CODE_SIGN_IDENTITY[sdk=iphoneos*]" = "iPhone Developer";
				GCC_C_LANGUAGE_STANDARD = c99;
				GCC_WARN_ABOUT_RETURN_TYPE = YES;
				GCC_WARN_UNUSED_VARIABLE = YES;
				OTHER_CFLAGS = "-DNS_BLOCK_ASSERTIONS=1";
				PREBINDING = NO;
				SDKROOT = iphoneos3.2;
				TARGETED_DEVICE_FAMILY = 2;
			};
			name = Release;
		};
/* End XCBuildConfiguration section */

/* Begin XCConfigurationList section */
		1D6058960D05DD3E006BFB54 /* Build configuration list for PBXNativeTarget "Substrate" */ = {
			isa = XCConfigurationList;
			buildConfigurations = (
				1D6058940D05DD3E006BFB54 /* Debug */,
				1D6058950D05DD3E006BFB54 /* Release */,
			);
			defaultConfigurationIsVisible = 0;
			defaultConfigurationName = Release;
		};
		C01FCF4E08A954540054247B /* Build configuration list for PBXProject "Substrate" */ = {
			isa = XCConfigurationList;
			buildConfigurations = (
				C01FCF4F08A954540054247B /* Debug */,
				C01FCF5008A954540054247B /* Release */,
			);
			defaultConfigurationIsVisible = 0;
			defaultConfigurationName = Release;
		};
/* End XCConfigurationList section */
	};
	rootObject = 29B97313FDCFA39411CA2CEA /* Project object */;
}
